
Microsoft Visual Studio Solution File, Format Version 12.00
# Visual Studio Version 17
VisualStudioVersion = 17.5.33516.290
MinimumVisualStudioVersion = 10.0.40219.1
Project("{FAE04EC0-301F-11D3-BF4B-00C04F79EFBC}") = "Naming", "Naming\Naming.csproj", "{B58D22F5-8AAA-4788-AC84-4E5B7A0C87FE}"
EndProject
Global
	GlobalSection(SolutionConfigurationPlatforms) = preSolution
		Debug|Any CPU = Debug|Any CPU
		Release|Any CPU = Release|Any CPU
	EndGlobalSection
	GlobalSection(ProjectConfigurationPlatforms) = postSolution
		{B58D22F5-8AAA-4788-AC84-4E5B7A0C87FE}.Debug|Any CPU.ActiveCfg = Debug|Any CPU
		{B58D22F5-8AAA-4788-AC84-4E5B7A0C87FE}.Debug|Any CPU.Build.0 = Debug|Any CPU
		{B58D22F5-8AAA-4788-AC84-4E5B7A0C87FE}.Release|Any CPU.ActiveCfg = Release|Any CPU
		{B58D22F5-8AAA-4788-AC84-4E5B7A0C87FE}.Release|Any CPU.Build.0 = Release|Any CPU
	EndGlobalSection
	GlobalSection(SolutionProperties) = preSolution
		HideSolutionNode = FALSE
	EndGlobalSection
	GlobalSection(ExtensibilityGlobals) = postSolution
		SolutionGuid = {44C53C8E-4B67-43CD-A392-E013166982AC}
	EndGlobalSection
EndGlobal
