
Microsoft Visual Studio Solution File, Format Version 12.00
# Visual Studio Version 17
VisualStudioVersion = 17.5.33516.290
MinimumVisualStudioVersion = 10.0.40219.1
Project("{FAE04EC0-301F-11D3-BF4B-00C04F79EFBC}") = "DirtyCode", "DirtyCode\DirtyCode.csproj", "{E086DA94-D9F9-4C75-8407-686D0BEEF7C4}"
EndProject
Project("{FAE04EC0-301F-11D3-BF4B-00C04F79EFBC}") = "CleanCode", "CleanCode\CleanCode.csproj", "{8AB6F654-07C3-4065-904F-F265B410E8F9}"
EndProject
Project("{FAE04EC0-301F-11D3-BF4B-00C04F79EFBC}") = "CleanCode.Library", "CleanCode.Library\CleanCode.Library.csproj", "{0D1B522D-87B0-4A58-8E8F-42CCF962A81F}"
EndProject
Global
	GlobalSection(SolutionConfigurationPlatforms) = preSolution
		Debug|Any CPU = Debug|Any CPU
		Release|Any CPU = Release|Any CPU
	EndGlobalSection
	GlobalSection(ProjectConfigurationPlatforms) = postSolution
		{E086DA94-D9F9-4C75-8407-686D0BEEF7C4}.Debug|Any CPU.ActiveCfg = Debug|Any CPU
		{E086DA94-D9F9-4C75-8407-686D0BEEF7C4}.Debug|Any CPU.Build.0 = Debug|Any CPU
		{E086DA94-D9F9-4C75-8407-686D0BEEF7C4}.Release|Any CPU.ActiveCfg = Release|Any CPU
		{E086DA94-D9F9-4C75-8407-686D0BEEF7C4}.Release|Any CPU.Build.0 = Release|Any CPU
		{8AB6F654-07C3-4065-904F-F265B410E8F9}.Debug|Any CPU.ActiveCfg = Debug|Any CPU
		{8AB6F654-07C3-4065-904F-F265B410E8F9}.Debug|Any CPU.Build.0 = Debug|Any CPU
		{8AB6F654-07C3-4065-904F-F265B410E8F9}.Release|Any CPU.ActiveCfg = Release|Any CPU
		{8AB6F654-07C3-4065-904F-F265B410E8F9}.Release|Any CPU.Build.0 = Release|Any CPU
		{0D1B522D-87B0-4A58-8E8F-42CCF962A81F}.Debug|Any CPU.ActiveCfg = Debug|Any CPU
		{0D1B522D-87B0-4A58-8E8F-42CCF962A81F}.Debug|Any CPU.Build.0 = Debug|Any CPU
		{0D1B522D-87B0-4A58-8E8F-42CCF962A81F}.Release|Any CPU.ActiveCfg = Release|Any CPU
		{0D1B522D-87B0-4A58-8E8F-42CCF962A81F}.Release|Any CPU.Build.0 = Release|Any CPU
	EndGlobalSection
	GlobalSection(SolutionProperties) = preSolution
		HideSolutionNode = FALSE
	EndGlobalSection
	GlobalSection(ExtensibilityGlobals) = postSolution
		SolutionGuid = {20F89C85-D3B2-45B2-A1B7-EAED06298A7A}
	EndGlobalSection
EndGlobal
